<?xml version="1.0" encoding="utf-8"?>
<Project ToolsVersion="4.0" xmlns="http://schemas.microsoft.com/developer/msbuild/2003">
  <ItemGroup>
    <Filter Include="源文件">
      <UniqueIdentifier>{4FC737F1-C7A5-4376-A066-2A32D752A2FF}</UniqueIdentifier>
      <Extensions>cpp;c;cc;cxx;c++;cppm;ixx;def;odl;idl;hpj;bat;asm;asmx</Extensions>
    </Filter>
    <Filter Include="头文件">
      <UniqueIdentifier>{93995380-89BD-4b04-88EB-625FBE52EBFB}</UniqueIdentifier>
      <Extensions>h;hh;hpp;hxx;h++;hm;inl;inc;ipp;xsd</Extensions>
    </Filter>
    <Filter Include="资源文件">
      <UniqueIdentifier>{67DA6AB6-F800-4c08-8B7A-83BB121AAD01}</UniqueIdentifier>
      <Extensions>rc;ico;cur;bmp;dlg;rc2;rct;bin;rgs;gif;jpg;jpeg;jpe;resx;tiff;tif;png;wav;mfcribbon-ms</Extensions>
    </Filter>
  </ItemGroup>
  <ItemGroup>
    <ClCompile Include="san shu pai xu.c">
      <Filter>源文件</Filter>
    </ClCompile>
    <ClCompile Include="san de bei shu.c">
      <Filter>源文件</Filter>
    </ClCompile>
    <ClCompile Include="liang shu zui da gong yue shu.c">
      <Filter>源文件</Filter>
    </ClCompile>
    <ClCompile Include="run nian.c">
      <Filter>源文件</Filter>
    </ClCompile>
    <ClCompile Include="su shu.c">
      <Filter>源文件</Filter>
    </ClCompile>
    <ClCompile Include="shu 9 ge shu.c">
      <Filter>源文件</Filter>
    </ClCompile>
    <ClCompile Include="fen shu qiu he.c">
      <Filter>源文件</Filter>
    </ClCompile>
    <ClCompile Include="qiu zui da zhi.c">
      <Filter>源文件</Filter>
    </ClCompile>
    <ClCompile Include="fan xiang shu chu.c">
      <Filter>源文件</Filter>
    </ClCompile>
  </ItemGroup>
</Project>